// !$*UTF8*$!
{
	archiveVersion = 1;
	classes = {
	};
	objectVersion = 56;
	objects = {

/* Begin PBXBuildFile section */
		BE5496452CB18CB80085081F /* WortisPayApp.swift in Sources */ = {isa = PBXBuildFile; fileRef = BE5496442CB18CB80085081F /* WortisPayApp.swift */; };
		BE5496472CB18CB80085081F /* ContentView.swift in Sources */ = {isa = PBXBuildFile; fileRef = BE5496462CB18CB80085081F /* ContentView.swift */; };
		BE5496492CB18CBA0085081F /* Assets.xcassets in Resources */ = {isa = PBXBuildFile; fileRef = BE5496482CB18CBA0085081F /* Assets.xcassets */; };
		BE54964C2CB18CBA0085081F /* Preview Assets.xcassets in Resources */ = {isa = PBXBuildFile; fileRef = BE54964B2CB18CBA0085081F /* Preview Assets.xcassets */; };
		BE5496562CB18CBA0085081F /* WortisPayTests.swift in Sources */ = {isa = PBXBuildFile; fileRef = BE5496552CB18CBA0085081F /* WortisPayTests.swift */; };
		BE5496602CB18CBB0085081F /* WortisPayUITests.swift in Sources */ = {isa = PBXBuildFile; fileRef = BE54965F2CB18CBB0085081F /* WortisPayUITests.swift */; };
		BE5496622CB18CBB0085081F /* WortisPayUITestsLaunchTests.swift in Sources */ = {isa = PBXBuildFile; fileRef = BE5496612CB18CBB0085081F /* WortisPayUITestsLaunchTests.swift */; };
/* End PBXBuildFile section */

/* Begin PBXContainerItemProxy section */
		BE5496522CB18CBA0085081F /* PBXContainerItemProxy */ = {
			isa = PBXContainerItemProxy;
			containerPortal = BE5496392CB18CB80085081F /* Project object */;
			proxyType = 1;
			remoteGlobalIDString = BE5496402CB18CB80085081F;
			remoteInfo = WortisPay;
		};
		BE54965C2CB18CBB0085081F /* PBXContainerItemProxy */ = {
			isa = PBXContainerItemProxy;
			containerPortal = BE5496392CB18CB80085081F /* Project object */;
			proxyType = 1;
			remoteGlobalIDString = BE5496402CB18CB80085081F;
			remoteInfo = WortisPay;
		};
/* End PBXContainerItemProxy section */

/* Begin PBXFileReference section */
		BE5496412CB18CB80085081F /* WortisPay.app */ = {isa = PBXFileReference; explicitFileType = wrapper.application; includeInIndex = 0; path = WortisPay.app; sourceTree = BUILT_PRODUCTS_DIR; };
		BE5496442CB18CB80085081F /* WortisPayApp.swift */ = {isa = PBXFileReference; lastKnownFileType = sourcecode.swift; path = WortisPayApp.swift; sourceTree = "<group>"; };
		BE5496462CB18CB80085081F /* ContentView.swift */ = {isa = PBXFileReference; lastKnownFileType = sourcecode.swift; path = ContentView.swift; sourceTree = "<group>"; };
		BE5496482CB18CBA0085081F /* Assets.xcassets */ = {isa = PBXFileReference; lastKnownFileType = folder.assetcatalog; path = Assets.xcassets; sourceTree = "<group>"; };
		BE54964B2CB18CBA0085081F /* Preview Assets.xcassets */ = {isa = PBXFileReference; lastKnownFileType = folder.assetcatalog; path = "Preview Assets.xcassets"; sourceTree = "<group>"; };
		BE5496512CB18CBA0085081F /* WortisPayTests.xctest */ = {isa = PBXFileReference; explicitFileType = wrapper.cfbundle; includeInIndex = 0; path = WortisPayTests.xctest; sourceTree = BUILT_PRODUCTS_DIR; };
		BE5496552CB18CBA0085081F /* WortisPayTests.swift */ = {isa = PBXFileReference; lastKnownFileType = sourcecode.swift; path = WortisPayTests.swift; sourceTree = "<group>"; };
		BE54965B2CB18CBB0085081F /* WortisPayUITests.xctest */ = {isa = PBXFileReference; explicitFileType = wrapper.cfbundle; includeInIndex = 0; path = WortisPayUITests.xctest; sourceTree = BUILT_PRODUCTS_DIR; };
		BE54965F2CB18CBB0085081F /* WortisPayUITests.swift */ = {isa = PBXFileReference; lastKnownFileType = sourcecode.swift; path = WortisPayUITests.swift; sourceTree = "<group>"; };
		BE5496612CB18CBB0085081F /* WortisPayUITestsLaunchTests.swift */ = {isa = PBXFileReference; lastKnownFileType = sourcecode.swift; path = WortisPayUITestsLaunchTests.swift; sourceTree = "<group>"; };
/* End PBXFileReference section */

/* Begin PBXFrameworksBuildPhase section */
		BE54963E2CB18CB80085081F /* Frameworks */ = {
			isa = PBXFrameworksBuildPhase;
			buildActionMask = 2147483647;
			files = (
			);
			runOnlyForDeploymentPostprocessing = 0;
		};
		BE54964E2CB18CBA0085081F /* Frameworks */ = {
			isa = PBXFrameworksBuildPhase;
			buildActionMask = 2147483647;
			files = (
			);
			runOnlyForDeploymentPostprocessing = 0;
		};
		BE5496582CB18CBB0085081F /* Frameworks */ = {
			isa = PBXFrameworksBuildPhase;
			buildActionMask = 2147483647;
			files = (
			);
			runOnlyForDeploymentPostprocessing = 0;
		};
/* End PBXFrameworksBuildPhase section */

/* Begin PBXGroup section */
		BE5496382CB18CB80085081F = {
			isa = PBXGroup;
			children = (
				BE5496432CB18CB80085081F /* WortisPay */,
				BE5496542CB18CBA0085081F /* WortisPayTests */,
				BE54965E2CB18CBB0085081F /* WortisPayUITests */,
				BE5496422CB18CB80085081F /* Products */,
			);
			sourceTree = "<group>";
		};
		BE5496422CB18CB80085081F /* Products */ = {
			isa = PBXGroup;
			children = (
				BE5496412CB18CB80085081F /* WortisPay.app */,
				BE5496512CB18CBA0085081F /* WortisPayTests.xctest */,
				BE54965B2CB18CBB0085081F /* WortisPayUITests.xctest */,
			);
			name = Products;
			sourceTree = "<group>";
		};
		BE5496432CB18CB80085081F /* WortisPay */ = {
			isa = PBXGroup;
			children = (
				BE5496442CB18CB80085081F /* WortisPayApp.swift */,
				BE5496462CB18CB80085081F /* ContentView.swift */,
				BE5496482CB18CBA0085081F /* Assets.xcassets */,
				BE54964A2CB18CBA0085081F /* Preview Content */,
			);
			path = WortisPay;
			sourceTree = "<group>";
		};
		BE54964A2CB18CBA0085081F /* Preview Content */ = {
			isa = PBXGroup;
			children = (
				BE54964B2CB18CBA0085081F /* Preview Assets.xcassets */,
			);
			path = "Preview Content";
			sourceTree = "<group>";
		};
		BE5496542CB18CBA0085081F /* WortisPayTests */ = {
			isa = PBXGroup;
			children = (
				BE5496552CB18CBA0085081F /* WortisPayTests.swift */,
			);
			path = WortisPayTests;
			sourceTree = "<group>";
		};
		BE54965E2CB18CBB0085081F /* WortisPayUITests */ = {
			isa = PBXGroup;
			children = (
				BE54965F2CB18CBB0085081F /* WortisPayUITests.swift */,
				BE5496612CB18CBB0085081F /* WortisPayUITestsLaunchTests.swift */,
			);
			path = WortisPayUITests;
			sourceTree = "<group>";
		};
/* End PBXGroup section */

/* Begin PBXNativeTarget section */
		BE5496402CB18CB80085081F /* WortisPay */ = {
			isa = PBXNativeTarget;
			buildConfigurationList = BE5496652CB18CBB0085081F /* Build configuration list for PBXNativeTarget "WortisPay" */;
			buildPhases = (
				BE54963D2CB18CB80085081F /* Sources */,
				BE54963E2CB18CB80085081F /* Frameworks */,
				BE54963F2CB18CB80085081F /* Resources */,
			);
			buildRules = (
			);
			dependencies = (
			);
			name = WortisPay;
			productName = WortisPay;
			productReference = BE5496412CB18CB80085081F /* WortisPay.app */;
			productType = "com.apple.product-type.application";
		};
		BE5496502CB18CBA0085081F /* WortisPayTests */ = {
			isa = PBXNativeTarget;
			buildConfigurationList = BE5496682CB18CBB0085081F /* Build configuration list for PBXNativeTarget "WortisPayTests" */;
			buildPhases = (
				BE54964D2CB18CBA0085081F /* Sources */,
				BE54964E2CB18CBA0085081F /* Frameworks */,
				BE54964F2CB18CBA0085081F /* Resources */,
			);
			buildRules = (
			);
			dependencies = (
				BE5496532CB18CBA0085081F /* PBXTargetDependency */,
			);
			name = WortisPayTests;
			productName = WortisPayTests;
			productReference = BE5496512CB18CBA0085081F /* WortisPayTests.xctest */;
			productType = "com.apple.product-type.bundle.unit-test";
		};
		BE54965A2CB18CBB0085081F /* WortisPayUITests */ = {
			isa = PBXNativeTarget;
			buildConfigurationList = BE54966B2CB18CBB0085081F /* Build configuration list for PBXNativeTarget "WortisPayUITests" */;
			buildPhases = (
				BE5496572CB18CBB0085081F /* Sources */,
				BE5496582CB18CBB0085081F /* Frameworks */,
				BE5496592CB18CBB0085081F /* Resources */,
			);
			buildRules = (
			);
			dependencies = (
				BE54965D2CB18CBB0085081F /* PBXTargetDependency */,
			);
			name = WortisPayUITests;
			productName = WortisPayUITests;
			productReference = BE54965B2CB18CBB0085081F /* WortisPayUITests.xctest */;
			productType = "com.apple.product-type.bundle.ui-testing";
		};
/* End PBXNativeTarget section */

/* Begin PBXProject section */
		BE5496392CB18CB80085081F /* Project object */ = {
			isa = PBXProject;
			attributes = {
				BuildIndependentTargetsInParallel = 1;
				LastSwiftUpdateCheck = 1400;
				LastUpgradeCheck = 1400;
				TargetAttributes = {
					BE5496402CB18CB80085081F = {
						CreatedOnToolsVersion = 14.0.1;
					};
					BE5496502CB18CBA0085081F = {
						CreatedOnToolsVersion = 14.0.1;
						TestTargetID = BE5496402CB18CB80085081F;
					};
					BE54965A2CB18CBB0085081F = {
						CreatedOnToolsVersion = 14.0.1;
						TestTargetID = BE5496402CB18CB80085081F;
					};
				};
			};
			buildConfigurationList = BE54963C2CB18CB80085081F /* Build configuration list for PBXProject "WortisPay" */;
			compatibilityVersion = "Xcode 14.0";
			developmentRegion = en;
			hasScannedForEncodings = 0;
			knownRegions = (
				en,
				Base,
			);
			mainGroup = BE5496382CB18CB80085081F;
			productRefGroup = BE5496422CB18CB80085081F /* Products */;
			projectDirPath = "";
			projectRoot = "";
			targets = (
				BE5496402CB18CB80085081F /* WortisPay */,
				BE5496502CB18CBA0085081F /* WortisPayTests */,
				BE54965A2CB18CBB0085081F /* WortisPayUITests */,
			);
		};
/* End PBXProject section */

/* Begin PBXResourcesBuildPhase section */
		BE54963F2CB18CB80085081F /* Resources */ = {
			isa = PBXResourcesBuildPhase;
			buildActionMask = 2147483647;
			files = (
				BE54964C2CB18CBA0085081F /* Preview Assets.xcassets in Resources */,
				BE5496492CB18CBA0085081F /* Assets.xcassets in Resources */,
			);
			runOnlyForDeploymentPostprocessing = 0;
		};
		BE54964F2CB18CBA0085081F /* Resources */ = {
			isa = PBXResourcesBuildPhase;
			buildActionMask = 2147483647;
			files = (
			);
			runOnlyForDeploymentPostprocessing = 0;
		};
		BE5496592CB18CBB0085081F /* Resources */ = {
			isa = PBXResourcesBuildPhase;
			buildActionMask = 2147483647;
			files = (
			);
			runOnlyForDeploymentPostprocessing = 0;
		};
/* End PBXResourcesBuildPhase section */

/* Begin PBXSourcesBuildPhase section */
		BE54963D2CB18CB80085081F /* Sources */ = {
			isa = PBXSourcesBuildPhase;
			buildActionMask = 2147483647;
			files = (
				BE5496472CB18CB80085081F /* ContentView.swift in Sources */,
				BE5496452CB18CB80085081F /* WortisPayApp.swift in Sources */,
			);
			runOnlyForDeploymentPostprocessing = 0;
		};
		BE54964D2CB18CBA0085081F /* Sources */ = {
			isa = PBXSourcesBuildPhase;
			buildActionMask = 2147483647;
			files = (
				BE5496562CB18CBA0085081F /* WortisPayTests.swift in Sources */,
			);
			runOnlyForDeploymentPostprocessing = 0;
		};
		BE5496572CB18CBB0085081F /* Sources */ = {
			isa = PBXSourcesBuildPhase;
			buildActionMask = 2147483647;
			files = (
				BE5496602CB18CBB0085081F /* WortisPayUITests.swift in Sources */,
				BE5496622CB18CBB0085081F /* WortisPayUITestsLaunchTests.swift in Sources */,
			);
			runOnlyForDeploymentPostprocessing = 0;
		};
/* End PBXSourcesBuildPhase section */

/* Begin PBXTargetDependency section */
		BE5496532CB18CBA0085081F /* PBXTargetDependency */ = {
			isa = PBXTargetDependency;
			target = BE5496402CB18CB80085081F /* WortisPay */;
			targetProxy = BE5496522CB18CBA0085081F /* PBXContainerItemProxy */;
		};
		BE54965D2CB18CBB0085081F /* PBXTargetDependency */ = {
			isa = PBXTargetDependency;
			target = BE5496402CB18CB80085081F /* WortisPay */;
			targetProxy = BE54965C2CB18CBB0085081F /* PBXContainerItemProxy */;
		};
/* End PBXTargetDependency section */

/* Begin XCBuildConfiguration section */
		BE5496632CB18CBB0085081F /* Debug */ = {
			isa = XCBuildConfiguration;
			buildSettings = {
				ALWAYS_SEARCH_USER_PATHS = NO;
				CLANG_ANALYZER_NONNULL = YES;
				CLANG_ANALYZER_NUMBER_OBJECT_CONVERSION = YES_AGGRESSIVE;
				CLANG_CXX_LANGUAGE_STANDARD = "gnu++20";
				CLANG_ENABLE_MODULES = YES;
				CLANG_ENABLE_OBJC_ARC = YES;
				CLANG_ENABLE_OBJC_WEAK = YES;
				CLANG_WARN_BLOCK_CAPTURE_AUTORELEASING = YES;
				CLANG_WARN_BOOL_CONVERSION = YES;
				CLANG_WARN_COMMA = YES;
				CLANG_WARN_CONSTANT_CONVERSION = YES;
				CLANG_WARN_DEPRECATED_OBJC_IMPLEMENTATIONS = YES;
				CLANG_WARN_DIRECT_OBJC_ISA_USAGE = YES_ERROR;
				CLANG_WARN_DOCUMENTATION_COMMENTS = YES;
				CLANG_WARN_EMPTY_BODY = YES;
				CLANG_WARN_ENUM_CONVERSION = YES;
				CLANG_WARN_INFINITE_RECURSION = YES;
				CLANG_WARN_INT_CONVERSION = YES;
				CLANG_WARN_NON_LITERAL_NULL_CONVERSION = YES;
				CLANG_WARN_OBJC_IMPLICIT_RETAIN_SELF = YES;
				CLANG_WARN_OBJC_LITERAL_CONVERSION = YES;
				CLANG_WARN_OBJC_ROOT_CLASS = YES_ERROR;
				CLANG_WARN_QUOTED_INCLUDE_IN_FRAMEWORK_HEADER = YES;
				CLANG_WARN_RANGE_LOOP_ANALYSIS = YES;
				CLANG_WARN_STRICT_PROTOTYPES = YES;
				CLANG_WARN_SUSPICIOUS_MOVE = YES;
				CLANG_WARN_UNGUARDED_AVAILABILITY = YES_AGGRESSIVE;
				CLANG_WARN_UNREACHABLE_CODE = YES;
				CLANG_WARN__DUPLICATE_METHOD_MATCH = YES;
				COPY_PHASE_STRIP = NO;
				DEBUG_INFORMATION_FORMAT = dwarf;
				ENABLE_STRICT_OBJC_MSGSEND = YES;
				ENABLE_TESTABILITY = YES;
				GCC_C_LANGUAGE_STANDARD = gnu11;
				GCC_DYNAMIC_NO_PIC = NO;
				GCC_NO_COMMON_BLOCKS = YES;
				GCC_OPTIMIZATION_LEVEL = 0;
				GCC_PREPROCESSOR_DEFINITIONS = (
					"DEBUG=1",
					"$(inherited)",
				);
				GCC_WARN_64_TO_32_BIT_CONVERSION = YES;
				GCC_WARN_ABOUT_RETURN_TYPE = YES_ERROR;
				GCC_WARN_UNDECLARED_SELECTOR = YES;
				GCC_WARN_UNINITIALIZED_AUTOS = YES_AGGRESSIVE;
				GCC_WARN_UNUSED_FUNCTION = YES;
				GCC_WARN_UNUSED_VARIABLE = YES;
				IPHONEOS_DEPLOYMENT_TARGET = 16.0;
				MTL_ENABLE_DEBUG_INFO = INCLUDE_SOURCE;
				MTL_FAST_MATH = YES;
				ONLY_ACTIVE_ARCH = YES;
				SDKROOT = iphoneos;
				SWIFT_ACTIVE_COMPILATION_CONDITIONS = DEBUG;
				SWIFT_OPTIMIZATION_LEVEL = "-Onone";
			};
			name = Debug;
		};
		BE5496642CB18CBB0085081F /* Release */ = {
			isa = XCBuildConfiguration;
			buildSettings = {
				ALWAYS_SEARCH_USER_PATHS = NO;
				CLANG_ANALYZER_NONNULL = YES;
				CLANG_ANALYZER_NUMBER_OBJECT_CONVERSION = YES_AGGRESSIVE;
				CLANG_CXX_LANGUAGE_STANDARD = "gnu++20";
				CLANG_ENABLE_MODULES = YES;
				CLANG_ENABLE_OBJC_ARC = YES;
				CLANG_ENABLE_OBJC_WEAK = YES;
				CLANG_WARN_BLOCK_CAPTURE_AUTORELEASING = YES;
				CLANG_WARN_BOOL_CONVERSION = YES;
				CLANG_WARN_COMMA = YES;
				CLANG_WARN_CONSTANT_CONVERSION = YES;
				CLANG_WARN_DEPRECATED_OBJC_IMPLEMENTATIONS = YES;
				CLANG_WARN_DIRECT_OBJC_ISA_USAGE = YES_ERROR;
				CLANG_WARN_DOCUMENTATION_COMMENTS = YES;
				CLANG_WARN_EMPTY_BODY = YES;
				CLANG_WARN_ENUM_CONVERSION = YES;
				CLANG_WARN_INFINITE_RECURSION = YES;
				CLANG_WARN_INT_CONVERSION = YES;
				CLANG_WARN_NON_LITERAL_NULL_CONVERSION = YES;
				CLANG_WARN_OBJC_IMPLICIT_RETAIN_SELF = YES;
				CLANG_WARN_OBJC_LITERAL_CONVERSION = YES;
				CLANG_WARN_OBJC_ROOT_CLASS = YES_ERROR;
				CLANG_WARN_QUOTED_INCLUDE_IN_FRAMEWORK_HEADER = YES;
				CLANG_WARN_RANGE_LOOP_ANALYSIS = YES;
				CLANG_WARN_STRICT_PROTOTYPES = YES;
				CLANG_WARN_SUSPICIOUS_MOVE = YES;
				CLANG_WARN_UNGUARDED_AVAILABILITY = YES_AGGRESSIVE;
				CLANG_WARN_UNREACHABLE_CODE = YES;
				CLANG_WARN__DUPLICATE_METHOD_MATCH = YES;
				COPY_PHASE_STRIP = NO;
				DEBUG_INFORMATION_FORMAT = "dwarf-with-dsym";
				ENABLE_NS_ASSERTIONS = NO;
				ENABLE_STRICT_OBJC_MSGSEND = YES;
				GCC_C_LANGUAGE_STANDARD = gnu11;
				GCC_NO_COMMON_BLOCKS = YES;
				GCC_WARN_64_TO_32_BIT_CONVERSION = YES;
				GCC_WARN_ABOUT_RETURN_TYPE = YES_ERROR;
				GCC_WARN_UNDECLARED_SELECTOR = YES;
				GCC_WARN_UNINITIALIZED_AUTOS = YES_AGGRESSIVE;
				GCC_WARN_UNUSED_FUNCTION = YES;
				GCC_WARN_UNUSED_VARIABLE = YES;
				IPHONEOS_DEPLOYMENT_TARGET = 16.0;
				MTL_ENABLE_DEBUG_INFO = NO;
				MTL_FAST_MATH = YES;
				SDKROOT = iphoneos;
				SWIFT_COMPILATION_MODE = wholemodule;
				SWIFT_OPTIMIZATION_LEVEL = "-O";
				VALIDATE_PRODUCT = YES;
			};
			name = Release;
		};
		BE5496662CB18CBB0085081F /* Debug */ = {
			isa = XCBuildConfiguration;
			buildSettings = {
				ASSETCATALOG_COMPILER_APPICON_NAME = AppIcon;
				ASSETCATALOG_COMPILER_GLOBAL_ACCENT_COLOR_NAME = AccentColor;
				CODE_SIGN_STYLE = Automatic;
				CURRENT_PROJECT_VERSION = 1;
				DEVELOPMENT_ASSET_PATHS = "\"WortisPay/Preview Content\"";
				DEVELOPMENT_TEAM = K5JHB3S8Z8;
				ENABLE_PREVIEWS = YES;
				GENERATE_INFOPLIST_FILE = YES;
				INFOPLIST_KEY_UIApplicationSceneManifest_Generation = YES;
				INFOPLIST_KEY_UIApplicationSupportsIndirectInputEvents = YES;
				INFOPLIST_KEY_UILaunchScreen_Generation = YES;
				INFOPLIST_KEY_UISupportedInterfaceOrientations_iPad = "UIInterfaceOrientationPortrait UIInterfaceOrientationPortraitUpsideDown UIInterfaceOrientationLandscapeLeft UIInterfaceOrientationLandscapeRight";
				INFOPLIST_KEY_UISupportedInterfaceOrientations_iPhone = "UIInterfaceOrientationPortrait UIInterfaceOrientationLandscapeLeft UIInterfaceOrientationLandscapeRight";
				LD_RUNPATH_SEARCH_PATHS = (
					"$(inherited)",
					"@executable_path/Frameworks",
				);
				MARKETING_VERSION = 1.0;
				PRODUCT_BUNDLE_IDENTIFIER = cg.wortispay.WortisPay;
				PRODUCT_NAME = "$(TARGET_NAME)";
				SWIFT_EMIT_LOC_STRINGS = YES;
				SWIFT_VERSION = 5.0;
				TARGETED_DEVICE_FAMILY = "1,2";
			};
			name = Debug;
		};
		BE5496672CB18CBB0085081F /* Release */ = {
			isa = XCBuildConfiguration;
			buildSettings = {
				ASSETCATALOG_COMPILER_APPICON_NAME = AppIcon;
				ASSETCATALOG_COMPILER_GLOBAL_ACCENT_COLOR_NAME = AccentColor;
				CODE_SIGN_STYLE = Automatic;
				CURRENT_PROJECT_VERSION = 1;
				DEVELOPMENT_ASSET_PATHS = "\"WortisPay/Preview Content\"";
				DEVELOPMENT_TEAM = K5JHB3S8Z8;
				ENABLE_PREVIEWS = YES;
				GENERATE_INFOPLIST_FILE = YES;
				INFOPLIST_KEY_UIApplicationSceneManifest_Generation = YES;
				INFOPLIST_KEY_UIApplicationSupportsIndirectInputEvents = YES;
				INFOPLIST_KEY_UILaunchScreen_Generation = YES;
				INFOPLIST_KEY_UISupportedInterfaceOrientations_iPad = "UIInterfaceOrientationPortrait UIInterfaceOrientationPortraitUpsideDown UIInterfaceOrientationLandscapeLeft UIInterfaceOrientationLandscapeRight";
				INFOPLIST_KEY_UISupportedInterfaceOrientations_iPhone = "UIInterfaceOrientationPortrait UIInterfaceOrientationLandscapeLeft UIInterfaceOrientationLandscapeRight";
				LD_RUNPATH_SEARCH_PATHS = (
					"$(inherited)",
					"@executable_path/Frameworks",
				);
				MARKETING_VERSION = 1.0;
				PRODUCT_BUNDLE_IDENTIFIER = cg.wortispay.WortisPay;
				PRODUCT_NAME = "$(TARGET_NAME)";
				SWIFT_EMIT_LOC_STRINGS = YES;
				SWIFT_VERSION = 5.0;
				TARGETED_DEVICE_FAMILY = "1,2";
			};
			name = Release;
		};
		BE5496692CB18CBB0085081F /* Debug */ = {
			isa = XCBuildConfiguration;
			buildSettings = {
				ALWAYS_EMBED_SWIFT_STANDARD_LIBRARIES = YES;
				BUNDLE_LOADER = "$(TEST_HOST)";
				CODE_SIGN_STYLE = Automatic;
				CURRENT_PROJECT_VERSION = 1;
				DEVELOPMENT_TEAM = K5JHB3S8Z8;
				GENERATE_INFOPLIST_FILE = YES;
				IPHONEOS_DEPLOYMENT_TARGET = 16.0;
				MARKETING_VERSION = 1.0;
				PRODUCT_BUNDLE_IDENTIFIER = cg.wortispay.WortisPayTests;
				PRODUCT_NAME = "$(TARGET_NAME)";
				SWIFT_EMIT_LOC_STRINGS = NO;
				SWIFT_VERSION = 5.0;
				TARGETED_DEVICE_FAMILY = "1,2";
				TEST_HOST = "$(BUILT_PRODUCTS_DIR)/WortisPay.app/$(BUNDLE_EXECUTABLE_FOLDER_PATH)/WortisPay";
			};
			name = Debug;
		};
		BE54966A2CB18CBB0085081F /* Release */ = {
			isa = XCBuildConfiguration;
			buildSettings = {
				ALWAYS_EMBED_SWIFT_STANDARD_LIBRARIES = YES;
				BUNDLE_LOADER = "$(TEST_HOST)";
				CODE_SIGN_STYLE = Automatic;
				CURRENT_PROJECT_VERSION = 1;
				DEVELOPMENT_TEAM = K5JHB3S8Z8;
				GENERATE_INFOPLIST_FILE = YES;
				IPHONEOS_DEPLOYMENT_TARGET = 16.0;
				MARKETING_VERSION = 1.0;
				PRODUCT_BUNDLE_IDENTIFIER = cg.wortispay.WortisPayTests;
				PRODUCT_NAME = "$(TARGET_NAME)";
				SWIFT_EMIT_LOC_STRINGS = NO;
				SWIFT_VERSION = 5.0;
				TARGETED_DEVICE_FAMILY = "1,2";
				TEST_HOST = "$(BUILT_PRODUCTS_DIR)/WortisPay.app/$(BUNDLE_EXECUTABLE_FOLDER_PATH)/WortisPay";
			};
			name = Release;
		};
		BE54966C2CB18CBB0085081F /* Debug */ = {
			isa = XCBuildConfiguration;
			buildSettings = {
				ALWAYS_EMBED_SWIFT_STANDARD_LIBRARIES = YES;
				CODE_SIGN_STYLE = Automatic;
				CURRENT_PROJECT_VERSION = 1;
				DEVELOPMENT_TEAM = K5JHB3S8Z8;
				GENERATE_INFOPLIST_FILE = YES;
				MARKETING_VERSION = 1.0;
				PRODUCT_BUNDLE_IDENTIFIER = cg.wortispay.WortisPayUITests;
				PRODUCT_NAME = "$(TARGET_NAME)";
				SWIFT_EMIT_LOC_STRINGS = NO;
				SWIFT_VERSION = 5.0;
				TARGETED_DEVICE_FAMILY = "1,2";
				TEST_TARGET_NAME = WortisPay;
			};
			name = Debug;
		};
		BE54966D2CB18CBB0085081F /* Release */ = {
			isa = XCBuildConfiguration;
			buildSettings = {
				ALWAYS_EMBED_SWIFT_STANDARD_LIBRARIES = YES;
				CODE_SIGN_STYLE = Automatic;
				CURRENT_PROJECT_VERSION = 1;
				DEVELOPMENT_TEAM = K5JHB3S8Z8;
				GENERATE_INFOPLIST_FILE = YES;
				MARKETING_VERSION = 1.0;
				PRODUCT_BUNDLE_IDENTIFIER = cg.wortispay.WortisPayUITests;
				PRODUCT_NAME = "$(TARGET_NAME)";
				SWIFT_EMIT_LOC_STRINGS = NO;
				SWIFT_VERSION = 5.0;
				TARGETED_DEVICE_FAMILY = "1,2";
				TEST_TARGET_NAME = WortisPay;
			};
			name = Release;
		};
/* End XCBuildConfiguration section */

/* Begin XCConfigurationList section */
		BE54963C2CB18CB80085081F /* Build configuration list for PBXProject "WortisPay" */ = {
			isa = XCConfigurationList;
			buildConfigurations = (
				BE5496632CB18CBB0085081F /* Debug */,
				BE5496642CB18CBB0085081F /* Release */,
			);
			defaultConfigurationIsVisible = 0;
			defaultConfigurationName = Release;
		};
		BE5496652CB18CBB0085081F /* Build configuration list for PBXNativeTarget "WortisPay" */ = {
			isa = XCConfigurationList;
			buildConfigurations = (
				BE5496662CB18CBB0085081F /* Debug */,
				BE5496672CB18CBB0085081F /* Release */,
			);
			defaultConfigurationIsVisible = 0;
			defaultConfigurationName = Release;
		};
		BE5496682CB18CBB0085081F /* Build configuration list for PBXNativeTarget "WortisPayTests" */ = {
			isa = XCConfigurationList;
			buildConfigurations = (
				BE5496692CB18CBB0085081F /* Debug */,
				BE54966A2CB18CBB0085081F /* Release */,
			);
			defaultConfigurationIsVisible = 0;
			defaultConfigurationName = Release;
		};
		BE54966B2CB18CBB0085081F /* Build configuration list for PBXNativeTarget "WortisPayUITests" */ = {
			isa = XCConfigurationList;
			buildConfigurations = (
				BE54966C2CB18CBB0085081F /* Debug */,
				BE54966D2CB18CBB0085081F /* Release */,
			);
			defaultConfigurationIsVisible = 0;
			defaultConfigurationName = Release;
		};
/* End XCConfigurationList section */
	};
	rootObject = BE5496392CB18CB80085081F /* Project object */;
}
