// !$*UTF8*$!
{
	archiveVersion = 1;
	classes = {
	};
	objectVersion = 54;
	objects = {

/* Begin PBXBuildFile section */
		BE34C2AB2C8863C0002A3681 /* WortisPayApp.swift in Sources */ = {isa = PBXBuildFile; fileRef = BE34C2AA2C8863C0002A3681 /* WortisPayApp.swift */; };
		BE34C2AD2C8863C0002A3681 /* ContentView.swift in Sources */ = {isa = PBXBuildFile; fileRef = BE34C2AC2C8863C0002A3681 /* ContentView.swift */; };
		BE34C2AF2C8863C2002A3681 /* Assets.xcassets in Resources */ = {isa = PBXBuildFile; fileRef = BE34C2AE2C8863C2002A3681 /* Assets.xcassets */; };
		BE34C2B22C8863C2002A3681 /* Preview Assets.xcassets in Resources */ = {isa = PBXBuildFile; fileRef = BE34C2B12C8863C2002A3681 /* Preview Assets.xcassets */; };
		BE34C2BC2C8863C2002A3681 /* WortisPayTests.swift in Sources */ = {isa = PBXBuildFile; fileRef = BE34C2BB2C8863C2002A3681 /* WortisPayTests.swift */; };
		BE34C2C62C8863C3002A3681 /* WortisPayUITests.swift in Sources */ = {isa = PBXBuildFile; fileRef = BE34C2C52C8863C3002A3681 /* WortisPayUITests.swift */; };
		BE34C2C82C8863C3002A3681 /* WortisPayUITestsLaunchTests.swift in Sources */ = {isa = PBXBuildFile; fileRef = BE34C2C72C8863C3002A3681 /* WortisPayUITestsLaunchTests.swift */; };
/* End PBXBuildFile section */

/* Begin PBXContainerItemProxy section */
		BE34C2B82C8863C2002A3681 /* PBXContainerItemProxy */ = {
			isa = PBXContainerItemProxy;
			containerPortal = BE34C29F2C8863C0002A3681 /* Project object */;
			proxyType = 1;
			remoteGlobalIDString = BE34C2A62C8863C0002A3681;
			remoteInfo = WortisPay;
		};
		BE34C2C22C8863C3002A3681 /* PBXContainerItemProxy */ = {
			isa = PBXContainerItemProxy;
			containerPortal = BE34C29F2C8863C0002A3681 /* Project object */;
			proxyType = 1;
			remoteGlobalIDString = BE34C2A62C8863C0002A3681;
			remoteInfo = WortisPay;
		};
/* End PBXContainerItemProxy section */

/* Begin PBXFileReference section */
		BE34C2A72C8863C0002A3681 /* WortisPay.app */ = {isa = PBXFileReference; explicitFileType = wrapper.application; includeInIndex = 0; path = WortisPay.app; sourceTree = BUILT_PRODUCTS_DIR; };
		BE34C2AA2C8863C0002A3681 /* WortisPayApp.swift */ = {isa = PBXFileReference; lastKnownFileType = sourcecode.swift; path = WortisPayApp.swift; sourceTree = "<group>"; };
		BE34C2AC2C8863C0002A3681 /* ContentView.swift */ = {isa = PBXFileReference; lastKnownFileType = sourcecode.swift; path = ContentView.swift; sourceTree = "<group>"; };
		BE34C2AE2C8863C2002A3681 /* Assets.xcassets */ = {isa = PBXFileReference; lastKnownFileType = folder.assetcatalog; path = Assets.xcassets; sourceTree = "<group>"; };
		BE34C2B12C8863C2002A3681 /* Preview Assets.xcassets */ = {isa = PBXFileReference; lastKnownFileType = folder.assetcatalog; path = "Preview Assets.xcassets"; sourceTree = "<group>"; };
		BE34C2B72C8863C2002A3681 /* WortisPayTests.xctest */ = {isa = PBXFileReference; explicitFileType = wrapper.cfbundle; includeInIndex = 0; path = WortisPayTests.xctest; sourceTree = BUILT_PRODUCTS_DIR; };
		BE34C2BB2C8863C2002A3681 /* WortisPayTests.swift */ = {isa = PBXFileReference; lastKnownFileType = sourcecode.swift; path = WortisPayTests.swift; sourceTree = "<group>"; };
		BE34C2C12C8863C3002A3681 /* WortisPayUITests.xctest */ = {isa = PBXFileReference; explicitFileType = wrapper.cfbundle; includeInIndex = 0; path = WortisPayUITests.xctest; sourceTree = BUILT_PRODUCTS_DIR; };
		BE34C2C52C8863C3002A3681 /* WortisPayUITests.swift */ = {isa = PBXFileReference; lastKnownFileType = sourcecode.swift; path = WortisPayUITests.swift; sourceTree = "<group>"; };
		BE34C2C72C8863C3002A3681 /* WortisPayUITestsLaunchTests.swift */ = {isa = PBXFileReference; lastKnownFileType = sourcecode.swift; path = WortisPayUITestsLaunchTests.swift; sourceTree = "<group>"; };
/* End PBXFileReference section */

/* Begin PBXFrameworksBuildPhase section */
		BE34C2A42C8863C0002A3681 /* Frameworks */ = {
			isa = PBXFrameworksBuildPhase;
			buildActionMask = 2147483647;
			files = (
			);
			runOnlyForDeploymentPostprocessing = 0;
		};
		BE34C2B42C8863C2002A3681 /* Frameworks */ = {
			isa = PBXFrameworksBuildPhase;
			buildActionMask = 2147483647;
			files = (
			);
			runOnlyForDeploymentPostprocessing = 0;
		};
		BE34C2BE2C8863C3002A3681 /* Frameworks */ = {
			isa = PBXFrameworksBuildPhase;
			buildActionMask = 2147483647;
			files = (
			);
			runOnlyForDeploymentPostprocessing = 0;
		};
/* End PBXFrameworksBuildPhase section */

/* Begin PBXGroup section */
		BE34C29E2C8863C0002A3681 = {
			isa = PBXGroup;
			children = (
				BE34C2A92C8863C0002A3681 /* WortisPay */,
				BE34C2BA2C8863C2002A3681 /* WortisPayTests */,
				BE34C2C42C8863C3002A3681 /* WortisPayUITests */,
				BE34C2A82C8863C0002A3681 /* Products */,
			);
			sourceTree = "<group>";
		};
		BE34C2A82C8863C0002A3681 /* Products */ = {
			isa = PBXGroup;
			children = (
				BE34C2A72C8863C0002A3681 /* WortisPay.app */,
				BE34C2B72C8863C2002A3681 /* WortisPayTests.xctest */,
				BE34C2C12C8863C3002A3681 /* WortisPayUITests.xctest */,
			);
			name = Products;
			sourceTree = "<group>";
		};
		BE34C2A92C8863C0002A3681 /* WortisPay */ = {
			isa = PBXGroup;
			children = (
				BE34C2AA2C8863C0002A3681 /* WortisPayApp.swift */,
				BE34C2AC2C8863C0002A3681 /* ContentView.swift */,
				BE34C2AE2C8863C2002A3681 /* Assets.xcassets */,
				BE34C2B02C8863C2002A3681 /* Preview Content */,
			);
			path = WortisPay;
			sourceTree = "<group>";
		};
		BE34C2B02C8863C2002A3681 /* Preview Content */ = {
			isa = PBXGroup;
			children = (
				BE34C2B12C8863C2002A3681 /* Preview Assets.xcassets */,
			);
			path = "Preview Content";
			sourceTree = "<group>";
		};
		BE34C2BA2C8863C2002A3681 /* WortisPayTests */ = {
			isa = PBXGroup;
			children = (
				BE34C2BB2C8863C2002A3681 /* WortisPayTests.swift */,
			);
			path = WortisPayTests;
			sourceTree = "<group>";
		};
		BE34C2C42C8863C3002A3681 /* WortisPayUITests */ = {
			isa = PBXGroup;
			children = (
				BE34C2C52C8863C3002A3681 /* WortisPayUITests.swift */,
				BE34C2C72C8863C3002A3681 /* WortisPayUITestsLaunchTests.swift */,
			);
			path = WortisPayUITests;
			sourceTree = "<group>";
		};
/* End PBXGroup section */

/* Begin PBXNativeTarget section */
		BE34C2A62C8863C0002A3681 /* WortisPay */ = {
			isa = PBXNativeTarget;
			buildConfigurationList = BE34C2CB2C8863C3002A3681 /* Build configuration list for PBXNativeTarget "WortisPay" */;
			buildPhases = (
				BE34C2A32C8863C0002A3681 /* Sources */,
				BE34C2A42C8863C0002A3681 /* Frameworks */,
				BE34C2A52C8863C0002A3681 /* Resources */,
			);
			buildRules = (
			);
			dependencies = (
			);
			name = WortisPay;
			productName = WortisPay;
			productReference = BE34C2A72C8863C0002A3681 /* WortisPay.app */;
			productType = "com.apple.product-type.application";
		};
		BE34C2B62C8863C2002A3681 /* WortisPayTests */ = {
			isa = PBXNativeTarget;
			buildConfigurationList = BE34C2CE2C8863C3002A3681 /* Build configuration list for PBXNativeTarget "WortisPayTests" */;
			buildPhases = (
				BE34C2B32C8863C2002A3681 /* Sources */,
				BE34C2B42C8863C2002A3681 /* Frameworks */,
				BE34C2B52C8863C2002A3681 /* Resources */,
			);
			buildRules = (
			);
			dependencies = (
				BE34C2B92C8863C2002A3681 /* PBXTargetDependency */,
			);
			name = WortisPayTests;
			productName = WortisPayTests;
			productReference = BE34C2B72C8863C2002A3681 /* WortisPayTests.xctest */;
			productType = "com.apple.product-type.bundle.unit-test";
		};
		BE34C2C02C8863C3002A3681 /* WortisPayUITests */ = {
			isa = PBXNativeTarget;
			buildConfigurationList = BE34C2D12C8863C3002A3681 /* Build configuration list for PBXNativeTarget "WortisPayUITests" */;
			buildPhases = (
				BE34C2BD2C8863C3002A3681 /* Sources */,
				BE34C2BE2C8863C3002A3681 /* Frameworks */,
				BE34C2BF2C8863C3002A3681 /* Resources */,
			);
			buildRules = (
			);
			dependencies = (
				BE34C2C32C8863C3002A3681 /* PBXTargetDependency */,
			);
			name = WortisPayUITests;
			productName = WortisPayUITests;
			productReference = BE34C2C12C8863C3002A3681 /* WortisPayUITests.xctest */;
			productType = "com.apple.product-type.bundle.ui-testing";
		};
/* End PBXNativeTarget section */

/* Begin PBXProject section */
		BE34C29F2C8863C0002A3681 /* Project object */ = {
			isa = PBXProject;
			attributes = {
				BuildIndependentTargetsInParallel = 1;
				LastSwiftUpdateCheck = 1400;
				LastUpgradeCheck = 1400;
				TargetAttributes = {
					BE34C2A62C8863C0002A3681 = {
						CreatedOnToolsVersion = 14.0.1;
					};
					BE34C2B62C8863C2002A3681 = {
						CreatedOnToolsVersion = 14.0.1;
						TestTargetID = BE34C2A62C8863C0002A3681;
					};
					BE34C2C02C8863C3002A3681 = {
						CreatedOnToolsVersion = 14.0.1;
						TestTargetID = BE34C2A62C8863C0002A3681;
					};
				};
			};
			buildConfigurationList = BE34C2A22C8863C0002A3681 /* Build configuration list for PBXProject "WortisPay" */;
			compatibilityVersion = "Xcode 12.0";
			developmentRegion = en;
			hasScannedForEncodings = 0;
			knownRegions = (
				en,
				Base,
			);
			mainGroup = BE34C29E2C8863C0002A3681;
			productRefGroup = BE34C2A82C8863C0002A3681 /* Products */;
			projectDirPath = "";
			projectRoot = "";
			targets = (
				BE34C2A62C8863C0002A3681 /* WortisPay */,
				BE34C2B62C8863C2002A3681 /* WortisPayTests */,
				BE34C2C02C8863C3002A3681 /* WortisPayUITests */,
			);
		};
/* End PBXProject section */

/* Begin PBXResourcesBuildPhase section */
		BE34C2A52C8863C0002A3681 /* Resources */ = {
			isa = PBXResourcesBuildPhase;
			buildActionMask = 2147483647;
			files = (
				BE34C2B22C8863C2002A3681 /* Preview Assets.xcassets in Resources */,
				BE34C2AF2C8863C2002A3681 /* Assets.xcassets in Resources */,
			);
			runOnlyForDeploymentPostprocessing = 0;
		};
		BE34C2B52C8863C2002A3681 /* Resources */ = {
			isa = PBXResourcesBuildPhase;
			buildActionMask = 2147483647;
			files = (
			);
			runOnlyForDeploymentPostprocessing = 0;
		};
		BE34C2BF2C8863C3002A3681 /* Resources */ = {
			isa = PBXResourcesBuildPhase;
			buildActionMask = 2147483647;
			files = (
			);
			runOnlyForDeploymentPostprocessing = 0;
		};
/* End PBXResourcesBuildPhase section */

/* Begin PBXSourcesBuildPhase section */
		BE34C2A32C8863C0002A3681 /* Sources */ = {
			isa = PBXSourcesBuildPhase;
			buildActionMask = 2147483647;
			files = (
				BE34C2AD2C8863C0002A3681 /* ContentView.swift in Sources */,
				BE34C2AB2C8863C0002A3681 /* WortisPayApp.swift in Sources */,
			);
			runOnlyForDeploymentPostprocessing = 0;
		};
		BE34C2B32C8863C2002A3681 /* Sources */ = {
			isa = PBXSourcesBuildPhase;
			buildActionMask = 2147483647;
			files = (
				BE34C2BC2C8863C2002A3681 /* WortisPayTests.swift in Sources */,
			);
			runOnlyForDeploymentPostprocessing = 0;
		};
		BE34C2BD2C8863C3002A3681 /* Sources */ = {
			isa = PBXSourcesBuildPhase;
			buildActionMask = 2147483647;
			files = (
				BE34C2C62C8863C3002A3681 /* WortisPayUITests.swift in Sources */,
				BE34C2C82C8863C3002A3681 /* WortisPayUITestsLaunchTests.swift in Sources */,
			);
			runOnlyForDeploymentPostprocessing = 0;
		};
/* End PBXSourcesBuildPhase section */

/* Begin PBXTargetDependency section */
		BE34C2B92C8863C2002A3681 /* PBXTargetDependency */ = {
			isa = PBXTargetDependency;
			target = BE34C2A62C8863C0002A3681 /* WortisPay */;
			targetProxy = BE34C2B82C8863C2002A3681 /* PBXContainerItemProxy */;
		};
		BE34C2C32C8863C3002A3681 /* PBXTargetDependency */ = {
			isa = PBXTargetDependency;
			target = BE34C2A62C8863C0002A3681 /* WortisPay */;
			targetProxy = BE34C2C22C8863C3002A3681 /* PBXContainerItemProxy */;
		};
/* End PBXTargetDependency section */

/* Begin XCBuildConfiguration section */
		BE34C2C92C8863C3002A3681 /* Debug */ = {
			isa = XCBuildConfiguration;
			buildSettings = {
				ALWAYS_SEARCH_USER_PATHS = NO;
				CLANG_ANALYZER_NONNULL = YES;
				CLANG_ANALYZER_NUMBER_OBJECT_CONVERSION = YES_AGGRESSIVE;
				CLANG_CXX_LANGUAGE_STANDARD = "gnu++20";
				CLANG_ENABLE_MODULES = YES;
				CLANG_ENABLE_OBJC_ARC = YES;
				CLANG_ENABLE_OBJC_WEAK = YES;
				CLANG_WARN_BLOCK_CAPTURE_AUTORELEASING = YES;
				CLANG_WARN_BOOL_CONVERSION = YES;
				CLANG_WARN_COMMA = YES;
				CLANG_WARN_CONSTANT_CONVERSION = YES;
				CLANG_WARN_DEPRECATED_OBJC_IMPLEMENTATIONS = YES;
				CLANG_WARN_DIRECT_OBJC_ISA_USAGE = YES_ERROR;
				CLANG_WARN_DOCUMENTATION_COMMENTS = YES;
				CLANG_WARN_EMPTY_BODY = YES;
				CLANG_WARN_ENUM_CONVERSION = YES;
				CLANG_WARN_INFINITE_RECURSION = YES;
				CLANG_WARN_INT_CONVERSION = YES;
				CLANG_WARN_NON_LITERAL_NULL_CONVERSION = YES;
				CLANG_WARN_OBJC_IMPLICIT_RETAIN_SELF = YES;
				CLANG_WARN_OBJC_LITERAL_CONVERSION = YES;
				CLANG_WARN_OBJC_ROOT_CLASS = YES_ERROR;
				CLANG_WARN_QUOTED_INCLUDE_IN_FRAMEWORK_HEADER = YES;
				CLANG_WARN_RANGE_LOOP_ANALYSIS = YES;
				CLANG_WARN_STRICT_PROTOTYPES = YES;
				CLANG_WARN_SUSPICIOUS_MOVE = YES;
				CLANG_WARN_UNGUARDED_AVAILABILITY = YES_AGGRESSIVE;
				CLANG_WARN_UNREACHABLE_CODE = YES;
				CLANG_WARN__DUPLICATE_METHOD_MATCH = YES;
				COPY_PHASE_STRIP = NO;
				DEBUG_INFORMATION_FORMAT = dwarf;
				ENABLE_STRICT_OBJC_MSGSEND = YES;
				ENABLE_TESTABILITY = YES;
				GCC_C_LANGUAGE_STANDARD = gnu11;
				GCC_DYNAMIC_NO_PIC = NO;
				GCC_NO_COMMON_BLOCKS = YES;
				GCC_OPTIMIZATION_LEVEL = 0;
				GCC_PREPROCESSOR_DEFINITIONS = (
					"DEBUG=1",
					"$(inherited)",
				);
				GCC_WARN_64_TO_32_BIT_CONVERSION = YES;
				GCC_WARN_ABOUT_RETURN_TYPE = YES_ERROR;
				GCC_WARN_UNDECLARED_SELECTOR = YES;
				GCC_WARN_UNINITIALIZED_AUTOS = YES_AGGRESSIVE;
				GCC_WARN_UNUSED_FUNCTION = YES;
				GCC_WARN_UNUSED_VARIABLE = YES;
				IPHONEOS_DEPLOYMENT_TARGET = 16.0;
				MTL_ENABLE_DEBUG_INFO = INCLUDE_SOURCE;
				MTL_FAST_MATH = YES;
				ONLY_ACTIVE_ARCH = YES;
				SDKROOT = iphoneos;
				SWIFT_ACTIVE_COMPILATION_CONDITIONS = DEBUG;
				SWIFT_OPTIMIZATION_LEVEL = "-Onone";
			};
			name = Debug;
		};
		BE34C2CA2C8863C3002A3681 /* Release */ = {
			isa = XCBuildConfiguration;
			buildSettings = {
				ALWAYS_SEARCH_USER_PATHS = NO;
				CLANG_ANALYZER_NONNULL = YES;
				CLANG_ANALYZER_NUMBER_OBJECT_CONVERSION = YES_AGGRESSIVE;
				CLANG_CXX_LANGUAGE_STANDARD = "gnu++20";
				CLANG_ENABLE_MODULES = YES;
				CLANG_ENABLE_OBJC_ARC = YES;
				CLANG_ENABLE_OBJC_WEAK = YES;
				CLANG_WARN_BLOCK_CAPTURE_AUTORELEASING = YES;
				CLANG_WARN_BOOL_CONVERSION = YES;
				CLANG_WARN_COMMA = YES;
				CLANG_WARN_CONSTANT_CONVERSION = YES;
				CLANG_WARN_DEPRECATED_OBJC_IMPLEMENTATIONS = YES;
				CLANG_WARN_DIRECT_OBJC_ISA_USAGE = YES_ERROR;
				CLANG_WARN_DOCUMENTATION_COMMENTS = YES;
				CLANG_WARN_EMPTY_BODY = YES;
				CLANG_WARN_ENUM_CONVERSION = YES;
				CLANG_WARN_INFINITE_RECURSION = YES;
				CLANG_WARN_INT_CONVERSION = YES;
				CLANG_WARN_NON_LITERAL_NULL_CONVERSION = YES;
				CLANG_WARN_OBJC_IMPLICIT_RETAIN_SELF = YES;
				CLANG_WARN_OBJC_LITERAL_CONVERSION = YES;
				CLANG_WARN_OBJC_ROOT_CLASS = YES_ERROR;
				CLANG_WARN_QUOTED_INCLUDE_IN_FRAMEWORK_HEADER = YES;
				CLANG_WARN_RANGE_LOOP_ANALYSIS = YES;
				CLANG_WARN_STRICT_PROTOTYPES = YES;
				CLANG_WARN_SUSPICIOUS_MOVE = YES;
				CLANG_WARN_UNGUARDED_AVAILABILITY = YES_AGGRESSIVE;
				CLANG_WARN_UNREACHABLE_CODE = YES;
				CLANG_WARN__DUPLICATE_METHOD_MATCH = YES;
				COPY_PHASE_STRIP = NO;
				DEBUG_INFORMATION_FORMAT = "dwarf-with-dsym";
				ENABLE_NS_ASSERTIONS = NO;
				ENABLE_STRICT_OBJC_MSGSEND = YES;
				GCC_C_LANGUAGE_STANDARD = gnu11;
				GCC_NO_COMMON_BLOCKS = YES;
				GCC_WARN_64_TO_32_BIT_CONVERSION = YES;
				GCC_WARN_ABOUT_RETURN_TYPE = YES_ERROR;
				GCC_WARN_UNDECLARED_SELECTOR = YES;
				GCC_WARN_UNINITIALIZED_AUTOS = YES_AGGRESSIVE;
				GCC_WARN_UNUSED_FUNCTION = YES;
				GCC_WARN_UNUSED_VARIABLE = YES;
				IPHONEOS_DEPLOYMENT_TARGET = 16.0;
				MTL_ENABLE_DEBUG_INFO = NO;
				MTL_FAST_MATH = YES;
				SDKROOT = iphoneos;
				SWIFT_COMPILATION_MODE = wholemodule;
				SWIFT_OPTIMIZATION_LEVEL = "-O";
				VALIDATE_PRODUCT = YES;
			};
			name = Release;
		};
		BE34C2CC2C8863C3002A3681 /* Debug */ = {
			isa = XCBuildConfiguration;
			buildSettings = {
				ASSETCATALOG_COMPILER_APPICON_NAME = AppIcon;
				ASSETCATALOG_COMPILER_GLOBAL_ACCENT_COLOR_NAME = AccentColor;
				CODE_SIGN_STYLE = Automatic;
				CURRENT_PROJECT_VERSION = 1;
				DEVELOPMENT_ASSET_PATHS = "\"WortisPay/Preview Content\"";
				DEVELOPMENT_TEAM = K5JHB3S8Z8;
				ENABLE_PREVIEWS = YES;
				GENERATE_INFOPLIST_FILE = YES;
				INFOPLIST_KEY_UIApplicationSceneManifest_Generation = YES;
				INFOPLIST_KEY_UIApplicationSupportsIndirectInputEvents = YES;
				INFOPLIST_KEY_UILaunchScreen_Generation = YES;
				INFOPLIST_KEY_UISupportedInterfaceOrientations_iPad = "UIInterfaceOrientationPortrait UIInterfaceOrientationPortraitUpsideDown UIInterfaceOrientationLandscapeLeft UIInterfaceOrientationLandscapeRight";
				INFOPLIST_KEY_UISupportedInterfaceOrientations_iPhone = "UIInterfaceOrientationPortrait UIInterfaceOrientationLandscapeLeft UIInterfaceOrientationLandscapeRight";
				LD_RUNPATH_SEARCH_PATHS = (
					"$(inherited)",
					"@executable_path/Frameworks",
				);
				MARKETING_VERSION = 1.0;
				PRODUCT_BUNDLE_IDENTIFIER = cg.wortispay.WortisPay;
				PRODUCT_NAME = "$(TARGET_NAME)";
				SWIFT_EMIT_LOC_STRINGS = YES;
				SWIFT_VERSION = 5.0;
				TARGETED_DEVICE_FAMILY = "1,2";
			};
			name = Debug;
		};
		BE34C2CD2C8863C3002A3681 /* Release */ = {
			isa = XCBuildConfiguration;
			buildSettings = {
				ASSETCATALOG_COMPILER_APPICON_NAME = AppIcon;
				ASSETCATALOG_COMPILER_GLOBAL_ACCENT_COLOR_NAME = AccentColor;
				CODE_SIGN_STYLE = Automatic;
				CURRENT_PROJECT_VERSION = 1;
				DEVELOPMENT_ASSET_PATHS = "\"WortisPay/Preview Content\"";
				DEVELOPMENT_TEAM = K5JHB3S8Z8;
				ENABLE_PREVIEWS = YES;
				GENERATE_INFOPLIST_FILE = YES;
				INFOPLIST_KEY_UIApplicationSceneManifest_Generation = YES;
				INFOPLIST_KEY_UIApplicationSupportsIndirectInputEvents = YES;
				INFOPLIST_KEY_UILaunchScreen_Generation = YES;
				INFOPLIST_KEY_UISupportedInterfaceOrientations_iPad = "UIInterfaceOrientationPortrait UIInterfaceOrientationPortraitUpsideDown UIInterfaceOrientationLandscapeLeft UIInterfaceOrientationLandscapeRight";
				INFOPLIST_KEY_UISupportedInterfaceOrientations_iPhone = "UIInterfaceOrientationPortrait UIInterfaceOrientationLandscapeLeft UIInterfaceOrientationLandscapeRight";
				LD_RUNPATH_SEARCH_PATHS = (
					"$(inherited)",
					"@executable_path/Frameworks",
				);
				MARKETING_VERSION = 1.0;
				PRODUCT_BUNDLE_IDENTIFIER = cg.wortispay.WortisPay;
				PRODUCT_NAME = "$(TARGET_NAME)";
				SWIFT_EMIT_LOC_STRINGS = YES;
				SWIFT_VERSION = 5.0;
				TARGETED_DEVICE_FAMILY = "1,2";
			};
			name = Release;
		};
		BE34C2CF2C8863C3002A3681 /* Debug */ = {
			isa = XCBuildConfiguration;
			buildSettings = {
				ALWAYS_EMBED_SWIFT_STANDARD_LIBRARIES = YES;
				BUNDLE_LOADER = "$(TEST_HOST)";
				CODE_SIGN_STYLE = Automatic;
				CURRENT_PROJECT_VERSION = 1;
				DEVELOPMENT_TEAM = K5JHB3S8Z8;
				GENERATE_INFOPLIST_FILE = YES;
				IPHONEOS_DEPLOYMENT_TARGET = 16.0;
				MARKETING_VERSION = 1.0;
				PRODUCT_BUNDLE_IDENTIFIER = cg.wortispay.WortisPayTests;
				PRODUCT_NAME = "$(TARGET_NAME)";
				SWIFT_EMIT_LOC_STRINGS = NO;
				SWIFT_VERSION = 5.0;
				TARGETED_DEVICE_FAMILY = "1,2";
				TEST_HOST = "$(BUILT_PRODUCTS_DIR)/WortisPay.app/$(BUNDLE_EXECUTABLE_FOLDER_PATH)/WortisPay";
			};
			name = Debug;
		};
		BE34C2D02C8863C3002A3681 /* Release */ = {
			isa = XCBuildConfiguration;
			buildSettings = {
				ALWAYS_EMBED_SWIFT_STANDARD_LIBRARIES = YES;
				BUNDLE_LOADER = "$(TEST_HOST)";
				CODE_SIGN_STYLE = Automatic;
				CURRENT_PROJECT_VERSION = 1;
				DEVELOPMENT_TEAM = K5JHB3S8Z8;
				GENERATE_INFOPLIST_FILE = YES;
				IPHONEOS_DEPLOYMENT_TARGET = 16.0;
				MARKETING_VERSION = 1.0;
				PRODUCT_BUNDLE_IDENTIFIER = cg.wortispay.WortisPayTests;
				PRODUCT_NAME = "$(TARGET_NAME)";
				SWIFT_EMIT_LOC_STRINGS = NO;
				SWIFT_VERSION = 5.0;
				TARGETED_DEVICE_FAMILY = "1,2";
				TEST_HOST = "$(BUILT_PRODUCTS_DIR)/WortisPay.app/$(BUNDLE_EXECUTABLE_FOLDER_PATH)/WortisPay";
			};
			name = Release;
		};
		BE34C2D22C8863C3002A3681 /* Debug */ = {
			isa = XCBuildConfiguration;
			buildSettings = {
				ALWAYS_EMBED_SWIFT_STANDARD_LIBRARIES = YES;
				CODE_SIGN_STYLE = Automatic;
				CURRENT_PROJECT_VERSION = 1;
				DEVELOPMENT_TEAM = K5JHB3S8Z8;
				GENERATE_INFOPLIST_FILE = YES;
				MARKETING_VERSION = 1.0;
				PRODUCT_BUNDLE_IDENTIFIER = cg.wortispay.WortisPayUITests;
				PRODUCT_NAME = "$(TARGET_NAME)";
				SWIFT_EMIT_LOC_STRINGS = NO;
				SWIFT_VERSION = 5.0;
				TARGETED_DEVICE_FAMILY = "1,2";
				TEST_TARGET_NAME = WortisPay;
			};
			name = Debug;
		};
		BE34C2D32C8863C3002A3681 /* Release */ = {
			isa = XCBuildConfiguration;
			buildSettings = {
				ALWAYS_EMBED_SWIFT_STANDARD_LIBRARIES = YES;
				CODE_SIGN_STYLE = Automatic;
				CURRENT_PROJECT_VERSION = 1;
				DEVELOPMENT_TEAM = K5JHB3S8Z8;
				GENERATE_INFOPLIST_FILE = YES;
				MARKETING_VERSION = 1.0;
				PRODUCT_BUNDLE_IDENTIFIER = cg.wortispay.WortisPayUITests;
				PRODUCT_NAME = "$(TARGET_NAME)";
				SWIFT_EMIT_LOC_STRINGS = NO;
				SWIFT_VERSION = 5.0;
				TARGETED_DEVICE_FAMILY = "1,2";
				TEST_TARGET_NAME = WortisPay;
			};
			name = Release;
		};
/* End XCBuildConfiguration section */

/* Begin XCConfigurationList section */
		BE34C2A22C8863C0002A3681 /* Build configuration list for PBXProject "WortisPay" */ = {
			isa = XCConfigurationList;
			buildConfigurations = (
				BE34C2C92C8863C3002A3681 /* Debug */,
				BE34C2CA2C8863C3002A3681 /* Release */,
			);
			defaultConfigurationIsVisible = 0;
			defaultConfigurationName = Release;
		};
		BE34C2CB2C8863C3002A3681 /* Build configuration list for PBXNativeTarget "WortisPay" */ = {
			isa = XCConfigurationList;
			buildConfigurations = (
				BE34C2CC2C8863C3002A3681 /* Debug */,
				BE34C2CD2C8863C3002A3681 /* Release */,
			);
			defaultConfigurationIsVisible = 0;
			defaultConfigurationName = Release;
		};
		BE34C2CE2C8863C3002A3681 /* Build configuration list for PBXNativeTarget "WortisPayTests" */ = {
			isa = XCConfigurationList;
			buildConfigurations = (
				BE34C2CF2C8863C3002A3681 /* Debug */,
				BE34C2D02C8863C3002A3681 /* Release */,
			);
			defaultConfigurationIsVisible = 0;
			defaultConfigurationName = Release;
		};
		BE34C2D12C8863C3002A3681 /* Build configuration list for PBXNativeTarget "WortisPayUITests" */ = {
			isa = XCConfigurationList;
			buildConfigurations = (
				BE34C2D22C8863C3002A3681 /* Debug */,
				BE34C2D32C8863C3002A3681 /* Release */,
			);
			defaultConfigurationIsVisible = 0;
			defaultConfigurationName = Release;
		};
/* End XCConfigurationList section */
	};
	rootObject = BE34C29F2C8863C0002A3681 /* Project object */;
}
